// !$*UTF8*$!
{
	archiveVersion = 1;
	classes = {
	};
	objectVersion = 55;
	objects = {

/* Begin PBXBuildFile section */
		7C79FB80277386E1008EB9AD /* AppDelegate.swift in Sources */ = {isa = PBXBuildFile; fileRef = 7C79FB7F277386E1008EB9AD /* AppDelegate.swift */; };
		7C79FB82277386E1008EB9AD /* SceneDelegate.swift in Sources */ = {isa = PBXBuildFile; fileRef = 7C79FB81277386E1008EB9AD /* SceneDelegate.swift */; };
		7C79FB84277386E1008EB9AD /* ViewController.swift in Sources */ = {isa = PBXBuildFile; fileRef = 7C79FB83277386E1008EB9AD /* ViewController.swift */; };
		7C79FB87277386E1008EB9AD /* Main.storyboard in Resources */ = {isa = PBXBuildFile; fileRef = 7C79FB85277386E1008EB9AD /* Main.storyboard */; };
		7C79FB89277386E5008EB9AD /* Assets.xcassets in Resources */ = {isa = PBXBuildFile; fileRef = 7C79FB88277386E5008EB9AD /* Assets.xcassets */; };
		7C79FB8C277386E5008EB9AD /* LaunchScreen.storyboard in Resources */ = {isa = PBXBuildFile; fileRef = 7C79FB8A277386E5008EB9AD /* LaunchScreen.storyboard */; };
		7C79FB94277387A6008EB9AD /* Filmler.swift in Sources */ = {isa = PBXBuildFile; fileRef = 7C79FB93277387A5008EB9AD /* Filmler.swift */; };
		7C79FB9727738D5A008EB9AD /* FilmlerCollectionViewCell.swift in Sources */ = {isa = PBXBuildFile; fileRef = 7C79FB9627738D5A008EB9AD /* FilmlerCollectionViewCell.swift */; };
		7C79FB9927739B3D008EB9AD /* Protocols.swift in Sources */ = {isa = PBXBuildFile; fileRef = 7C79FB9827739B3D008EB9AD /* Protocols.swift */; };
		7C79FB9B2773A018008EB9AD /* DetayVC.swift in Sources */ = {isa = PBXBuildFile; fileRef = 7C79FB9A2773A018008EB9AD /* DetayVC.swift */; };
/* End PBXBuildFile section */

/* Begin PBXFileReference section */
		7C79FB7C277386E1008EB9AD /* DetayliCollectionViewKullanimi.app */ = {isa = PBXFileReference; explicitFileType = wrapper.application; includeInIndex = 0; path = DetayliCollectionViewKullanimi.app; sourceTree = BUILT_PRODUCTS_DIR; };
		7C79FB7F277386E1008EB9AD /* AppDelegate.swift */ = {isa = PBXFileReference; lastKnownFileType = sourcecode.swift; path = AppDelegate.swift; sourceTree = "<group>"; };
		7C79FB81277386E1008EB9AD /* SceneDelegate.swift */ = {isa = PBXFileReference; lastKnownFileType = sourcecode.swift; path = SceneDelegate.swift; sourceTree = "<group>"; };
		7C79FB83277386E1008EB9AD /* ViewController.swift */ = {isa = PBXFileReference; lastKnownFileType = sourcecode.swift; path = ViewController.swift; sourceTree = "<group>"; };
		7C79FB86277386E1008EB9AD /* Base */ = {isa = PBXFileReference; lastKnownFileType = file.storyboard; name = Base; path = Base.lproj/Main.storyboard; sourceTree = "<group>"; };
		7C79FB88277386E5008EB9AD /* Assets.xcassets */ = {isa = PBXFileReference; lastKnownFileType = folder.assetcatalog; path = Assets.xcassets; sourceTree = "<group>"; };
		7C79FB8B277386E5008EB9AD /* Base */ = {isa = PBXFileReference; lastKnownFileType = file.storyboard; name = Base; path = Base.lproj/LaunchScreen.storyboard; sourceTree = "<group>"; };
		7C79FB8D277386E5008EB9AD /* Info.plist */ = {isa = PBXFileReference; lastKnownFileType = text.plist.xml; path = Info.plist; sourceTree = "<group>"; };
		7C79FB93277387A5008EB9AD /* Filmler.swift */ = {isa = PBXFileReference; lastKnownFileType = sourcecode.swift; path = Filmler.swift; sourceTree = "<group>"; };
		7C79FB9627738D5A008EB9AD /* FilmlerCollectionViewCell.swift */ = {isa = PBXFileReference; lastKnownFileType = sourcecode.swift; path = FilmlerCollectionViewCell.swift; sourceTree = "<group>"; };
		7C79FB9827739B3D008EB9AD /* Protocols.swift */ = {isa = PBXFileReference; lastKnownFileType = sourcecode.swift; path = Protocols.swift; sourceTree = "<group>"; };
		7C79FB9A2773A018008EB9AD /* DetayVC.swift */ = {isa = PBXFileReference; lastKnownFileType = sourcecode.swift; path = DetayVC.swift; sourceTree = "<group>"; };
/* End PBXFileReference section */

/* Begin PBXFrameworksBuildPhase section */
		7C79FB79277386E1008EB9AD /* Frameworks */ = {
			isa = PBXFrameworksBuildPhase;
			buildActionMask = 2147483647;
			files = (
			);
			runOnlyForDeploymentPostprocessing = 0;
		};
/* End PBXFrameworksBuildPhase section */

/* Begin PBXGroup section */
		7C79FB73277386E0008EB9AD = {
			isa = PBXGroup;
			children = (
				7C79FB7E277386E1008EB9AD /* DetayliCollectionViewKullanimi */,
				7C79FB7D277386E1008EB9AD /* Products */,
			);
			sourceTree = "<group>";
		};
		7C79FB7D277386E1008EB9AD /* Products */ = {
			isa = PBXGroup;
			children = (
				7C79FB7C277386E1008EB9AD /* DetayliCollectionViewKullanimi.app */,
			);
			name = Products;
			sourceTree = "<group>";
		};
		7C79FB7E277386E1008EB9AD /* DetayliCollectionViewKullanimi */ = {
			isa = PBXGroup;
			children = (
				7C79FB95277387DD008EB9AD /* Models */,
				7C79FB7F277386E1008EB9AD /* AppDelegate.swift */,
				7C79FB81277386E1008EB9AD /* SceneDelegate.swift */,
				7C79FB83277386E1008EB9AD /* ViewController.swift */,
				7C79FB9627738D5A008EB9AD /* FilmlerCollectionViewCell.swift */,
				7C79FB9827739B3D008EB9AD /* Protocols.swift */,
				7C79FB85277386E1008EB9AD /* Main.storyboard */,
				7C79FB9A2773A018008EB9AD /* DetayVC.swift */,
				7C79FB88277386E5008EB9AD /* Assets.xcassets */,
				7C79FB8A277386E5008EB9AD /* LaunchScreen.storyboard */,
				7C79FB8D277386E5008EB9AD /* Info.plist */,
			);
			path = DetayliCollectionViewKullanimi;
			sourceTree = "<group>";
		};
		7C79FB95277387DD008EB9AD /* Models */ = {
			isa = PBXGroup;
			children = (
				7C79FB93277387A5008EB9AD /* Filmler.swift */,
			);
			path = Models;
			sourceTree = "<group>";
		};
/* End PBXGroup section */

/* Begin PBXNativeTarget section */
		7C79FB7B277386E1008EB9AD /* DetayliCollectionViewKullanimi */ = {
			isa = PBXNativeTarget;
			buildConfigurationList = 7C79FB90277386E5008EB9AD /* Build configuration list for PBXNativeTarget "DetayliCollectionViewKullanimi" */;
			buildPhases = (
				7C79FB78277386E1008EB9AD /* Sources */,
				7C79FB79277386E1008EB9AD /* Frameworks */,
				7C79FB7A277386E1008EB9AD /* Resources */,
			);
			buildRules = (
			);
			dependencies = (
			);
			name = DetayliCollectionViewKullanimi;
			productName = DetayliCollectionViewKullanimi;
			productReference = 7C79FB7C277386E1008EB9AD /* DetayliCollectionViewKullanimi.app */;
			productType = "com.apple.product-type.application";
		};
/* End PBXNativeTarget section */

/* Begin PBXProject section */
		7C79FB74277386E0008EB9AD /* Project object */ = {
			isa = PBXProject;
			attributes = {
				BuildIndependentTargetsInParallel = 1;
				LastSwiftUpdateCheck = 1310;
				LastUpgradeCheck = 1310;
				TargetAttributes = {
					7C79FB7B277386E1008EB9AD = {
						CreatedOnToolsVersion = 13.1;
					};
				};
			};
			buildConfigurationList = 7C79FB77277386E0008EB9AD /* Build configuration list for PBXProject "DetayliCollectionViewKullanimi" */;
			compatibilityVersion = "Xcode 13.0";
			developmentRegion = en;
			hasScannedForEncodings = 0;
			knownRegions = (
				en,
				Base,
			);
			mainGroup = 7C79FB73277386E0008EB9AD;
			productRefGroup = 7C79FB7D277386E1008EB9AD /* Products */;
			projectDirPath = "";
			projectRoot = "";
			targets = (
				7C79FB7B277386E1008EB9AD /* DetayliCollectionViewKullanimi */,
			);
		};
/* End PBXProject section */

/* Begin PBXResourcesBuildPhase section */
		7C79FB7A277386E1008EB9AD /* Resources */ = {
			isa = PBXResourcesBuildPhase;
			buildActionMask = 2147483647;
			files = (
				7C79FB8C277386E5008EB9AD /* LaunchScreen.storyboard in Resources */,
				7C79FB89277386E5008EB9AD /* Assets.xcassets in Resources */,
				7C79FB87277386E1008EB9AD /* Main.storyboard in Resources */,
			);
			runOnlyForDeploymentPostprocessing = 0;
		};
/* End PBXResourcesBuildPhase section */

/* Begin PBXSourcesBuildPhase section */
		7C79FB78277386E1008EB9AD /* Sources */ = {
			isa = PBXSourcesBuildPhase;
			buildActionMask = 2147483647;
			files = (
				7C79FB84277386E1008EB9AD /* ViewController.swift in Sources */,
				7C79FB80277386E1008EB9AD /* AppDelegate.swift in Sources */,
				7C79FB82277386E1008EB9AD /* SceneDelegate.swift in Sources */,
				7C79FB9927739B3D008EB9AD /* Protocols.swift in Sources */,
				7C79FB9B2773A018008EB9AD /* DetayVC.swift in Sources */,
				7C79FB9727738D5A008EB9AD /* FilmlerCollectionViewCell.swift in Sources */,
				7C79FB94277387A6008EB9AD /* Filmler.swift in Sources */,
			);
			runOnlyForDeploymentPostprocessing = 0;
		};
/* End PBXSourcesBuildPhase section */

/* Begin PBXVariantGroup section */
		7C79FB85277386E1008EB9AD /* Main.storyboard */ = {
			isa = PBXVariantGroup;
			children = (
				7C79FB86277386E1008EB9AD /* Base */,
			);
			name = Main.storyboard;
			sourceTree = "<group>";
		};
		7C79FB8A277386E5008EB9AD /* LaunchScreen.storyboard */ = {
			isa = PBXVariantGroup;
			children = (
				7C79FB8B277386E5008EB9AD /* Base */,
			);
			name = LaunchScreen.storyboard;
			sourceTree = "<group>";
		};
/* End PBXVariantGroup section */

/* Begin XCBuildConfiguration section */
		7C79FB8E277386E5008EB9AD /* Debug */ = {
			isa = XCBuildConfiguration;
			buildSettings = {
				ALWAYS_SEARCH_USER_PATHS = NO;
				CLANG_ANALYZER_NONNULL = YES;
				CLANG_ANALYZER_NUMBER_OBJECT_CONVERSION = YES_AGGRESSIVE;
				CLANG_CXX_LANGUAGE_STANDARD = "gnu++17";
				CLANG_CXX_LIBRARY = "libc++";
				CLANG_ENABLE_MODULES = YES;
				CLANG_ENABLE_OBJC_ARC = YES;
				CLANG_ENABLE_OBJC_WEAK = YES;
				CLANG_WARN_BLOCK_CAPTURE_AUTORELEASING = YES;
				CLANG_WARN_BOOL_CONVERSION = YES;
				CLANG_WARN_COMMA = YES;
				CLANG_WARN_CONSTANT_CONVERSION = YES;
				CLANG_WARN_DEPRECATED_OBJC_IMPLEMENTATIONS = YES;
				CLANG_WARN_DIRECT_OBJC_ISA_USAGE = YES_ERROR;
				CLANG_WARN_DOCUMENTATION_COMMENTS = YES;
				CLANG_WARN_EMPTY_BODY = YES;
				CLANG_WARN_ENUM_CONVERSION = YES;
				CLANG_WARN_INFINITE_RECURSION = YES;
				CLANG_WARN_INT_CONVERSION = YES;
				CLANG_WARN_NON_LITERAL_NULL_CONVERSION = YES;
				CLANG_WARN_OBJC_IMPLICIT_RETAIN_SELF = YES;
				CLANG_WARN_OBJC_LITERAL_CONVERSION = YES;
				CLANG_WARN_OBJC_ROOT_CLASS = YES_ERROR;
				CLANG_WARN_QUOTED_INCLUDE_IN_FRAMEWORK_HEADER = YES;
				CLANG_WARN_RANGE_LOOP_ANALYSIS = YES;
				CLANG_WARN_STRICT_PROTOTYPES = YES;
				CLANG_WARN_SUSPICIOUS_MOVE = YES;
				CLANG_WARN_UNGUARDED_AVAILABILITY = YES_AGGRESSIVE;
				CLANG_WARN_UNREACHABLE_CODE = YES;
				CLANG_WARN__DUPLICATE_METHOD_MATCH = YES;
				COPY_PHASE_STRIP = NO;
				DEBUG_INFORMATION_FORMAT = dwarf;
				ENABLE_STRICT_OBJC_MSGSEND = YES;
				ENABLE_TESTABILITY = YES;
				GCC_C_LANGUAGE_STANDARD = gnu11;
				GCC_DYNAMIC_NO_PIC = NO;
				GCC_NO_COMMON_BLOCKS = YES;
				GCC_OPTIMIZATION_LEVEL = 0;
				GCC_PREPROCESSOR_DEFINITIONS = (
					"DEBUG=1",
					"$(inherited)",
				);
				GCC_WARN_64_TO_32_BIT_CONVERSION = YES;
				GCC_WARN_ABOUT_RETURN_TYPE = YES_ERROR;
				GCC_WARN_UNDECLARED_SELECTOR = YES;
				GCC_WARN_UNINITIALIZED_AUTOS = YES_AGGRESSIVE;
				GCC_WARN_UNUSED_FUNCTION = YES;
				GCC_WARN_UNUSED_VARIABLE = YES;
				IPHONEOS_DEPLOYMENT_TARGET = 15.0;
				MTL_ENABLE_DEBUG_INFO = INCLUDE_SOURCE;
				MTL_FAST_MATH = YES;
				ONLY_ACTIVE_ARCH = YES;
				SDKROOT = iphoneos;
				SWIFT_ACTIVE_COMPILATION_CONDITIONS = DEBUG;
				SWIFT_OPTIMIZATION_LEVEL = "-Onone";
			};
			name = Debug;
		};
		7C79FB8F277386E5008EB9AD /* Release */ = {
			isa = XCBuildConfiguration;
			buildSettings = {
				ALWAYS_SEARCH_USER_PATHS = NO;
				CLANG_ANALYZER_NONNULL = YES;
				CLANG_ANALYZER_NUMBER_OBJECT_CONVERSION = YES_AGGRESSIVE;
				CLANG_CXX_LANGUAGE_STANDARD = "gnu++17";
				CLANG_CXX_LIBRARY = "libc++";
				CLANG_ENABLE_MODULES = YES;
				CLANG_ENABLE_OBJC_ARC = YES;
				CLANG_ENABLE_OBJC_WEAK = YES;
				CLANG_WARN_BLOCK_CAPTURE_AUTORELEASING = YES;
				CLANG_WARN_BOOL_CONVERSION = YES;
				CLANG_WARN_COMMA = YES;
				CLANG_WARN_CONSTANT_CONVERSION = YES;
				CLANG_WARN_DEPRECATED_OBJC_IMPLEMENTATIONS = YES;
				CLANG_WARN_DIRECT_OBJC_ISA_USAGE = YES_ERROR;
				CLANG_WARN_DOCUMENTATION_COMMENTS = YES;
				CLANG_WARN_EMPTY_BODY = YES;
				CLANG_WARN_ENUM_CONVERSION = YES;
				CLANG_WARN_INFINITE_RECURSION = YES;
				CLANG_WARN_INT_CONVERSION = YES;
				CLANG_WARN_NON_LITERAL_NULL_CONVERSION = YES;
				CLANG_WARN_OBJC_IMPLICIT_RETAIN_SELF = YES;
				CLANG_WARN_OBJC_LITERAL_CONVERSION = YES;
				CLANG_WARN_OBJC_ROOT_CLASS = YES_ERROR;
				CLANG_WARN_QUOTED_INCLUDE_IN_FRAMEWORK_HEADER = YES;
				CLANG_WARN_RANGE_LOOP_ANALYSIS = YES;
				CLANG_WARN_STRICT_PROTOTYPES = YES;
				CLANG_WARN_SUSPICIOUS_MOVE = YES;
				CLANG_WARN_UNGUARDED_AVAILABILITY = YES_AGGRESSIVE;
				CLANG_WARN_UNREACHABLE_CODE = YES;
				CLANG_WARN__DUPLICATE_METHOD_MATCH = YES;
				COPY_PHASE_STRIP = NO;
				DEBUG_INFORMATION_FORMAT = "dwarf-with-dsym";
				ENABLE_NS_ASSERTIONS = NO;
				ENABLE_STRICT_OBJC_MSGSEND = YES;
				GCC_C_LANGUAGE_STANDARD = gnu11;
				GCC_NO_COMMON_BLOCKS = YES;
				GCC_WARN_64_TO_32_BIT_CONVERSION = YES;
				GCC_WARN_ABOUT_RETURN_TYPE = YES_ERROR;
				GCC_WARN_UNDECLARED_SELECTOR = YES;
				GCC_WARN_UNINITIALIZED_AUTOS = YES_AGGRESSIVE;
				GCC_WARN_UNUSED_FUNCTION = YES;
				GCC_WARN_UNUSED_VARIABLE = YES;
				IPHONEOS_DEPLOYMENT_TARGET = 15.0;
				MTL_ENABLE_DEBUG_INFO = NO;
				MTL_FAST_MATH = YES;
				SDKROOT = iphoneos;
				SWIFT_COMPILATION_MODE = wholemodule;
				SWIFT_OPTIMIZATION_LEVEL = "-O";
				VALIDATE_PRODUCT = YES;
			};
			name = Release;
		};
		7C79FB91277386E5008EB9AD /* Debug */ = {
			isa = XCBuildConfiguration;
			buildSettings = {
				ASSETCATALOG_COMPILER_APPICON_NAME = AppIcon;
				ASSETCATALOG_COMPILER_GLOBAL_ACCENT_COLOR_NAME = AccentColor;
				CODE_SIGN_STYLE = Automatic;
				CURRENT_PROJECT_VERSION = 1;
				GENERATE_INFOPLIST_FILE = YES;
				INFOPLIST_FILE = DetayliCollectionViewKullanimi/Info.plist;
				INFOPLIST_KEY_UIApplicationSupportsIndirectInputEvents = YES;
				INFOPLIST_KEY_UILaunchStoryboardName = LaunchScreen;
				INFOPLIST_KEY_UIMainStoryboardFile = Main;
				INFOPLIST_KEY_UISupportedInterfaceOrientations_iPad = "UIInterfaceOrientationPortrait UIInterfaceOrientationPortraitUpsideDown UIInterfaceOrientationLandscapeLeft UIInterfaceOrientationLandscapeRight";
				INFOPLIST_KEY_UISupportedInterfaceOrientations_iPhone = "UIInterfaceOrientationPortrait UIInterfaceOrientationLandscapeLeft UIInterfaceOrientationLandscapeRight";
				LD_RUNPATH_SEARCH_PATHS = (
					"$(inherited)",
					"@executable_path/Frameworks",
				);
				MARKETING_VERSION = 1.0;
				PRODUCT_BUNDLE_IDENTIFIER = info.DetayliCollectionViewKullanimi;
				PRODUCT_NAME = "$(TARGET_NAME)";
				SWIFT_EMIT_LOC_STRINGS = YES;
				SWIFT_VERSION = 5.0;
				TARGETED_DEVICE_FAMILY = "1,2";
			};
			name = Debug;
		};
		7C79FB92277386E5008EB9AD /* Release */ = {
			isa = XCBuildConfiguration;
			buildSettings = {
				ASSETCATALOG_COMPILER_APPICON_NAME = AppIcon;
				ASSETCATALOG_COMPILER_GLOBAL_ACCENT_COLOR_NAME = AccentColor;
				CODE_SIGN_STYLE = Automatic;
				CURRENT_PROJECT_VERSION = 1;
				GENERATE_INFOPLIST_FILE = YES;
				INFOPLIST_FILE = DetayliCollectionViewKullanimi/Info.plist;
				INFOPLIST_KEY_UIApplicationSupportsIndirectInputEvents = YES;
				INFOPLIST_KEY_UILaunchStoryboardName = LaunchScreen;
				INFOPLIST_KEY_UIMainStoryboardFile = Main;
				INFOPLIST_KEY_UISupportedInterfaceOrientations_iPad = "UIInterfaceOrientationPortrait UIInterfaceOrientationPortraitUpsideDown UIInterfaceOrientationLandscapeLeft UIInterfaceOrientationLandscapeRight";
				INFOPLIST_KEY_UISupportedInterfaceOrientations_iPhone = "UIInterfaceOrientationPortrait UIInterfaceOrientationLandscapeLeft UIInterfaceOrientationLandscapeRight";
				LD_RUNPATH_SEARCH_PATHS = (
					"$(inherited)",
					"@executable_path/Frameworks",
				);
				MARKETING_VERSION = 1.0;
				PRODUCT_BUNDLE_IDENTIFIER = info.DetayliCollectionViewKullanimi;
				PRODUCT_NAME = "$(TARGET_NAME)";
				SWIFT_EMIT_LOC_STRINGS = YES;
				SWIFT_VERSION = 5.0;
				TARGETED_DEVICE_FAMILY = "1,2";
			};
			name = Release;
		};
/* End XCBuildConfiguration section */

/* Begin XCConfigurationList section */
		7C79FB77277386E0008EB9AD /* Build configuration list for PBXProject "DetayliCollectionViewKullanimi" */ = {
			isa = XCConfigurationList;
			buildConfigurations = (
				7C79FB8E277386E5008EB9AD /* Debug */,
				7C79FB8F277386E5008EB9AD /* Release */,
			);
			defaultConfigurationIsVisible = 0;
			defaultConfigurationName = Release;
		};
		7C79FB90277386E5008EB9AD /* Build configuration list for PBXNativeTarget "DetayliCollectionViewKullanimi" */ = {
			isa = XCConfigurationList;
			buildConfigurations = (
				7C79FB91277386E5008EB9AD /* Debug */,
				7C79FB92277386E5008EB9AD /* Release */,
			);
			defaultConfigurationIsVisible = 0;
			defaultConfigurationName = Release;
		};
/* End XCConfigurationList section */
	};
	rootObject = 7C79FB74277386E0008EB9AD /* Project object */;
}
